<?xml version="1.0" encoding="utf-8"?>
<Project ToolsVersion="4.0" xmlns="http://schemas.microsoft.com/developer/msbuild/2003">
  <ItemGroup>
    <Filter Include="Source Files">
      <UniqueIdentifier>{4FC737F1-C7A5-4376-A066-2A32D752A2FF}</UniqueIdentifier>
      <Extensions>cpp;c;cc;cxx;c++;cppm;ixx;def;odl;idl;hpj;bat;asm;asmx</Extensions>
    </Filter>
    <Filter Include="Header Files">
      <UniqueIdentifier>{93995380-89BD-4b04-88EB-625FBE52EBFB}</UniqueIdentifier>
      <Extensions>h;hh;hpp;hxx;h++;hm;inl;inc;ipp;xsd</Extensions>
    </Filter>
    <Filter Include="Resource Files">
      <UniqueIdentifier>{67DA6AB6-F800-4c08-8B7A-83BB121AAD01}</UniqueIdentifier>
      <Extensions>rc;ico;cur;bmp;dlg;rc2;rct;bin;rgs;gif;jpg;jpeg;jpe;resx;tiff;tif;png;wav;mfcribbon-ms</Extensions>
    </Filter>
    <Filter Include="Source Files\network">
      <UniqueIdentifier>{3880e12f-e893-4408-8919-dcb35e8e0eb8}</UniqueIdentifier>
    </Filter>
    <Filter Include="Header Files\network">
      <UniqueIdentifier>{8b44f7b7-bfe7-4e3f-bb53-be0d663a28cb}</UniqueIdentifier>
    </Filter>
    <Filter Include="Header Files\system">
      <UniqueIdentifier>{66955e7f-6236-47fd-b849-a594c1f36672}</UniqueIdentifier>
    </Filter>
    <Filter Include="Source Files\utils">
      <UniqueIdentifier>{5a003ce5-7265-4f73-9507-a42da5f5eb96}</UniqueIdentifier>
    </Filter>
    <Filter Include="Header Files\utils">
      <UniqueIdentifier>{be72cfd1-fd43-41ae-bbfa-560fc7d65238}</UniqueIdentifier>
    </Filter>
  </ItemGroup>
  <ItemGroup>
    <ClCompile Include="vkEngineServer.c">
      <Filter>Source Files</Filter>
    </ClCompile>
    <ClCompile Include="network\network.c">
      <Filter>Source Files\network</Filter>
    </ClCompile>
    <ClCompile Include="utils\genid.c">
      <Filter>Source Files\utils</Filter>
    </ClCompile>
    <ClCompile Include="utils\list.c">
      <Filter>Source Files\utils</Filter>
    </ClCompile>
  </ItemGroup>
  <ItemGroup>
    <ClInclude Include="network\network.h">
      <Filter>Header Files\network</Filter>
    </ClInclude>
    <ClInclude Include="system\system.h">
      <Filter>Header Files\system</Filter>
    </ClInclude>
    <ClInclude Include="utils\genid.h">
      <Filter>Header Files\utils</Filter>
    </ClInclude>
    <ClInclude Include="utils\list.h">
      <Filter>Header Files\utils</Filter>
    </ClInclude>
  </ItemGroup>
</Project>