<?xml version="1.0" encoding="utf-8"?>
<Project ToolsVersion="4.0" xmlns="http://schemas.microsoft.com/developer/msbuild/2003">
  <ItemGroup>
    <Filter Include="Source Files">
      <UniqueIdentifier>{4FC737F1-C7A5-4376-A066-2A32D752A2FF}</UniqueIdentifier>
      <Extensions>cpp;c;cc;cxx;c++;cppm;ixx;def;odl;idl;hpj;bat;asm;asmx</Extensions>
    </Filter>
    <Filter Include="Header Files">
      <UniqueIdentifier>{93995380-89BD-4b04-88EB-625FBE52EBFB}</UniqueIdentifier>
      <Extensions>h;hh;hpp;hxx;h++;hm;inl;inc;ipp;xsd</Extensions>
    </Filter>
    <Filter Include="Resource Files">
      <UniqueIdentifier>{67DA6AB6-F800-4c08-8B7A-83BB121AAD01}</UniqueIdentifier>
      <Extensions>rc;ico;cur;bmp;dlg;rc2;rct;bin;rgs;gif;jpg;jpeg;jpe;resx;tiff;tif;png;wav;mfcribbon-ms</Extensions>
    </Filter>
    <Filter Include="Source Files\network">
      <UniqueIdentifier>{3880e12f-e893-4408-8919-dcb35e8e0eb8}</UniqueIdentifier>
    </Filter>
    <Filter Include="Header Files\network">
      <UniqueIdentifier>{8b44f7b7-bfe7-4e3f-bb53-be0d663a28cb}</UniqueIdentifier>
    </Filter>
    <Filter Include="Header Files\system">
      <UniqueIdentifier>{66955e7f-6236-47fd-b849-a594c1f36672}</UniqueIdentifier>
    </Filter>
    <Filter Include="Source Files\utils">
      <UniqueIdentifier>{5a003ce5-7265-4f73-9507-a42da5f5eb96}</UniqueIdentifier>
    </Filter>
    <Filter Include="Header Files\utils">
      <UniqueIdentifier>{be72cfd1-fd43-41ae-bbfa-560fc7d65238}</UniqueIdentifier>
    </Filter>
    <Filter Include="Source Files\math">
      <UniqueIdentifier>{6e3d9389-b3ea-45d7-8f06-4d0185dc34d8}</UniqueIdentifier>
    </Filter>
    <Filter Include="Source Files\particle">
      <UniqueIdentifier>{915ed6f5-54ea-4ba2-9ec4-7dfc19709fe9}</UniqueIdentifier>
    </Filter>
    <Filter Include="Source Files\physics">
      <UniqueIdentifier>{c6d2dcb2-4c7e-45ed-a6f7-e84bd0c521a9}</UniqueIdentifier>
    </Filter>
    <Filter Include="Header Files\math">
      <UniqueIdentifier>{b2ad5de2-34fb-4052-8d99-ef9ed0d45057}</UniqueIdentifier>
    </Filter>
    <Filter Include="Header Files\particle">
      <UniqueIdentifier>{e8be6dcb-b35c-40cf-9cf6-35fdc537db8a}</UniqueIdentifier>
    </Filter>
    <Filter Include="Header Files\physics">
      <UniqueIdentifier>{974ac8b8-8d9b-4733-a686-d7ead9bb990e}</UniqueIdentifier>
    </Filter>
    <Filter Include="Source Files\camera">
      <UniqueIdentifier>{a630e350-3eaf-443a-a2f4-6433054e5862}</UniqueIdentifier>
    </Filter>
    <Filter Include="Header Files\camera">
      <UniqueIdentifier>{58a617bc-80a9-4747-b3cf-29cc1043598e}</UniqueIdentifier>
    </Filter>
    <Filter Include="Source Files\system">
      <UniqueIdentifier>{50d0cefd-b899-43b2-b36a-7f037397e5ca}</UniqueIdentifier>
    </Filter>
  </ItemGroup>
  <ItemGroup>
    <ClCompile Include="vkEngineServer.c">
      <Filter>Source Files</Filter>
    </ClCompile>
    <ClCompile Include="network\network.c">
      <Filter>Source Files\network</Filter>
    </ClCompile>
    <ClCompile Include="utils\genid.c">
      <Filter>Source Files\utils</Filter>
    </ClCompile>
    <ClCompile Include="utils\list.c">
      <Filter>Source Files\utils</Filter>
    </ClCompile>
    <ClCompile Include="math\math.c">
      <Filter>Source Files\math</Filter>
    </ClCompile>
    <ClCompile Include="math\matrix.c">
      <Filter>Source Files\math</Filter>
    </ClCompile>
    <ClCompile Include="math\quat.c">
      <Filter>Source Files\math</Filter>
    </ClCompile>
    <ClCompile Include="math\vec2.c">
      <Filter>Source Files\math</Filter>
    </ClCompile>
    <ClCompile Include="math\vec3.c">
      <Filter>Source Files\math</Filter>
    </ClCompile>
    <ClCompile Include="math\vec4.c">
      <Filter>Source Files\math</Filter>
    </ClCompile>
    <ClCompile Include="physics\physics.c">
      <Filter>Source Files\physics</Filter>
    </ClCompile>
    <ClCompile Include="particle\particle.c">
      <Filter>Source Files\particle</Filter>
    </ClCompile>
    <ClCompile Include="camera\camera.c">
      <Filter>Source Files\camera</Filter>
    </ClCompile>
    <ClCompile Include="system\memzone.c">
      <Filter>Source Files\system</Filter>
    </ClCompile>
    <ClCompile Include="system\threads.c">
      <Filter>Source Files\system</Filter>
    </ClCompile>
  </ItemGroup>
  <ItemGroup>
    <ClInclude Include="network\network.h">
      <Filter>Header Files\network</Filter>
    </ClInclude>
    <ClInclude Include="system\system.h">
      <Filter>Header Files\system</Filter>
    </ClInclude>
    <ClInclude Include="utils\genid.h">
      <Filter>Header Files\utils</Filter>
    </ClInclude>
    <ClInclude Include="utils\list.h">
      <Filter>Header Files\utils</Filter>
    </ClInclude>
    <ClInclude Include="math\math.h">
      <Filter>Header Files\math</Filter>
    </ClInclude>
    <ClInclude Include="physics\physics.h">
      <Filter>Header Files\physics</Filter>
    </ClInclude>
    <ClInclude Include="particle\particle.h">
      <Filter>Header Files\particle</Filter>
    </ClInclude>
    <ClInclude Include="camera\camera.h">
      <Filter>Header Files\camera</Filter>
    </ClInclude>
    <ClInclude Include="utils\memzone.h">
      <Filter>Header Files\utils</Filter>
    </ClInclude>
    <ClInclude Include="netpacket.h">
      <Filter>Header Files</Filter>
    </ClInclude>
    <ClInclude Include="system\memzone.h">
      <Filter>Header Files\system</Filter>
    </ClInclude>
    <ClInclude Include="system\threads.h">
      <Filter>Header Files\system</Filter>
    </ClInclude>
  </ItemGroup>
</Project>